
Microsoft Visual Studio Solution File, Format Version 12.00
# Visual Studio Version 17
VisualStudioVersion = 17.12.35514.174
MinimumVisualStudioVersion = 10.0.40219.1
Project("{FAE04EC0-301F-11D3-BF4B-00C04F79EFBC}") = "BulkyBookWeb", "BulkyBookWeb\BulkyBookWeb.csproj", "{F581688B-20EC-4AF6-8DFD-98D1089EBC87}"
EndProject
Project("{FAE04EC0-301F-11D3-BF4B-00C04F79EFBC}") = "BulkyBook.DataAccess", "BulkyBook.DataAccess\BulkyBook.DataAccess.csproj", "{62B4B5CE-C012-4E9C-A9F8-BAFD210D85BD}"
EndProject
Project("{FAE04EC0-301F-11D3-BF4B-00C04F79EFBC}") = "BulkyBook.Models", "BulkyBook.Models\BulkyBook.Models.csproj", "{E378168A-8547-46BC-B209-8D188C604ADA}"
EndProject
Project("{FAE04EC0-301F-11D3-BF4B-00C04F79EFBC}") = "BulkyBook.Utility", "BulkyBook.Utility\BulkyBook.Utility.csproj", "{AE379D1E-D733-46DF-A76A-5EFFC5EA0C9A}"
EndProject
Global
	GlobalSection(SolutionConfigurationPlatforms) = preSolution
		Debug|Any CPU = Debug|Any CPU
		Release|Any CPU = Release|Any CPU
	EndGlobalSection
	GlobalSection(ProjectConfigurationPlatforms) = postSolution
		{F581688B-20EC-4AF6-8DFD-98D1089EBC87}.Debug|Any CPU.ActiveCfg = Debug|Any CPU
		{F581688B-20EC-4AF6-8DFD-98D1089EBC87}.Debug|Any CPU.Build.0 = Debug|Any CPU
		{F581688B-20EC-4AF6-8DFD-98D1089EBC87}.Release|Any CPU.ActiveCfg = Release|Any CPU
		{F581688B-20EC-4AF6-8DFD-98D1089EBC87}.Release|Any CPU.Build.0 = Release|Any CPU
		{62B4B5CE-C012-4E9C-A9F8-BAFD210D85BD}.Debug|Any CPU.ActiveCfg = Debug|Any CPU
		{62B4B5CE-C012-4E9C-A9F8-BAFD210D85BD}.Debug|Any CPU.Build.0 = Debug|Any CPU
		{62B4B5CE-C012-4E9C-A9F8-BAFD210D85BD}.Release|Any CPU.ActiveCfg = Release|Any CPU
		{62B4B5CE-C012-4E9C-A9F8-BAFD210D85BD}.Release|Any CPU.Build.0 = Release|Any CPU
		{E378168A-8547-46BC-B209-8D188C604ADA}.Debug|Any CPU.ActiveCfg = Debug|Any CPU
		{E378168A-8547-46BC-B209-8D188C604ADA}.Debug|Any CPU.Build.0 = Debug|Any CPU
		{E378168A-8547-46BC-B209-8D188C604ADA}.Release|Any CPU.ActiveCfg = Release|Any CPU
		{E378168A-8547-46BC-B209-8D188C604ADA}.Release|Any CPU.Build.0 = Release|Any CPU
		{AE379D1E-D733-46DF-A76A-5EFFC5EA0C9A}.Debug|Any CPU.ActiveCfg = Debug|Any CPU
		{AE379D1E-D733-46DF-A76A-5EFFC5EA0C9A}.Debug|Any CPU.Build.0 = Debug|Any CPU
		{AE379D1E-D733-46DF-A76A-5EFFC5EA0C9A}.Release|Any CPU.ActiveCfg = Release|Any CPU
		{AE379D1E-D733-46DF-A76A-5EFFC5EA0C9A}.Release|Any CPU.Build.0 = Release|Any CPU
	EndGlobalSection
	GlobalSection(SolutionProperties) = preSolution
		HideSolutionNode = FALSE
	EndGlobalSection
EndGlobal
